
Microsoft Visual Studio Solution File, Format Version 12.00
# Visual Studio 14
VisualStudioVersion = 14.0.24720.0
MinimumVisualStudioVersion = 10.0.40219.1
Project("{FAE04EC0-301F-11D3-BF4B-00C04F79EFBC}") = "Management", "Management\Management.csproj", "{69E4E4F4-8FF2-4083-9611-A8C5D6230BFD}"
EndProject
Global
	GlobalSection(SolutionConfigurationPlatforms) = preSolution
		Debug|Any CPU = Debug|Any CPU
		Debug|x86 = Debug|x86
		Release|Any CPU = Release|Any CPU
		Release|x86 = Release|x86
	EndGlobalSection
	GlobalSection(ProjectConfigurationPlatforms) = postSolution
		{69E4E4F4-8FF2-4083-9611-A8C5D6230BFD}.Debug|Any CPU.ActiveCfg = Debug|Any CPU
		{69E4E4F4-8FF2-4083-9611-A8C5D6230BFD}.Debug|Any CPU.Build.0 = Debug|Any CPU
		{69E4E4F4-8FF2-4083-9611-A8C5D6230BFD}.Debug|x86.ActiveCfg = Debug|x86
		{69E4E4F4-8FF2-4083-9611-A8C5D6230BFD}.Debug|x86.Build.0 = Debug|x86
		{69E4E4F4-8FF2-4083-9611-A8C5D6230BFD}.Release|Any CPU.ActiveCfg = Release|Any CPU
		{69E4E4F4-8FF2-4083-9611-A8C5D6230BFD}.Release|Any CPU.Build.0 = Release|Any CPU
		{69E4E4F4-8FF2-4083-9611-A8C5D6230BFD}.Release|x86.ActiveCfg = Release|x86
		{69E4E4F4-8FF2-4083-9611-A8C5D6230BFD}.Release|x86.Build.0 = Release|x86
	EndGlobalSection
	GlobalSection(SolutionProperties) = preSolution
		HideSolutionNode = FALSE
	EndGlobalSection
EndGlobal
